// !$*UTF8*$!
{
	archiveVersion = 1;
	classes = {
	};
	objectVersion = 46;
	objects = {

/* Begin PBXBuildFile section */
		6B1D82901CD3D03D0038A5A1 /* libC7.dylib in Frameworks */ = {isa = PBXBuildFile; fileRef = 6B1D82801CD3D03D0038A5A1 /* libC7.dylib */; };
		6B1D82911CD3D03D0038A5A1 /* libCryptoEssentials.dylib in Frameworks */ = {isa = PBXBuildFile; fileRef = 6B1D82811CD3D03D0038A5A1 /* libCryptoEssentials.dylib */; };
		6B1D82921CD3D03D0038A5A1 /* libData.dylib in Frameworks */ = {isa = PBXBuildFile; fileRef = 6B1D82821CD3D03D0038A5A1 /* libData.dylib */; };
		6B1D82931CD3D03D0038A5A1 /* libFluent.dylib in Frameworks */ = {isa = PBXBuildFile; fileRef = 6B1D82831CD3D03D0038A5A1 /* libFluent.dylib */; };
		6B1D82941CD3D03D0038A5A1 /* libHMAC.dylib in Frameworks */ = {isa = PBXBuildFile; fileRef = 6B1D82841CD3D03D0038A5A1 /* libHMAC.dylib */; };
		6B1D82951CD3D03D0038A5A1 /* libHummingbird.dylib in Frameworks */ = {isa = PBXBuildFile; fileRef = 6B1D82851CD3D03D0038A5A1 /* libHummingbird.dylib */; };
		6B1D82961CD3D03D0038A5A1 /* libInterchangeData.dylib in Frameworks */ = {isa = PBXBuildFile; fileRef = 6B1D82861CD3D03D0038A5A1 /* libInterchangeData.dylib */; };
		6B1D82971CD3D03D0038A5A1 /* libJSON.dylib in Frameworks */ = {isa = PBXBuildFile; fileRef = 6B1D82871CD3D03D0038A5A1 /* libJSON.dylib */; };
		6B1D82981CD3D03D0038A5A1 /* libMustache.dylib in Frameworks */ = {isa = PBXBuildFile; fileRef = 6B1D82881CD3D03D0038A5A1 /* libMustache.dylib */; };
		6B1D82991CD3D03D0038A5A1 /* libOperatingSystem.dylib in Frameworks */ = {isa = PBXBuildFile; fileRef = 6B1D82891CD3D03D0038A5A1 /* libOperatingSystem.dylib */; };
		6B1D829A1CD3D03D0038A5A1 /* libS4.dylib in Frameworks */ = {isa = PBXBuildFile; fileRef = 6B1D828A1CD3D03D0038A5A1 /* libS4.dylib */; };
		6B1D829B1CD3D03D0038A5A1 /* libSHA2.dylib in Frameworks */ = {isa = PBXBuildFile; fileRef = 6B1D828B1CD3D03D0038A5A1 /* libSHA2.dylib */; };
		6B1D829C1CD3D03D0038A5A1 /* libStrand.dylib in Frameworks */ = {isa = PBXBuildFile; fileRef = 6B1D828C1CD3D03D0038A5A1 /* libStrand.dylib */; };
		6B1D829D1CD3D03D0038A5A1 /* libString.dylib in Frameworks */ = {isa = PBXBuildFile; fileRef = 6B1D828D1CD3D03D0038A5A1 /* libString.dylib */; };
		6B1D829E1CD3D03D0038A5A1 /* libVapor.dylib in Frameworks */ = {isa = PBXBuildFile; fileRef = 6B1D828E1CD3D03D0038A5A1 /* libVapor.dylib */; };
		6B1D829F1CD3D03D0038A5A1 /* libVaporZewoMustache.dylib in Frameworks */ = {isa = PBXBuildFile; fileRef = 6B1D828F1CD3D03D0038A5A1 /* libVaporZewoMustache.dylib */; };
/* End PBXBuildFile section */

/* Begin PBXFileReference section */
		6B1D82801CD3D03D0038A5A1 /* libC7.dylib */ = {isa = PBXFileReference; lastKnownFileType = "compiled.mach-o.dylib"; name = libC7.dylib; path = Libs/libC7.dylib; sourceTree = "<group>"; };
		6B1D82811CD3D03D0038A5A1 /* libCryptoEssentials.dylib */ = {isa = PBXFileReference; lastKnownFileType = "compiled.mach-o.dylib"; name = libCryptoEssentials.dylib; path = Libs/libCryptoEssentials.dylib; sourceTree = "<group>"; };
		6B1D82821CD3D03D0038A5A1 /* libData.dylib */ = {isa = PBXFileReference; lastKnownFileType = "compiled.mach-o.dylib"; name = libData.dylib; path = Libs/libData.dylib; sourceTree = "<group>"; };
		6B1D82831CD3D03D0038A5A1 /* libFluent.dylib */ = {isa = PBXFileReference; lastKnownFileType = "compiled.mach-o.dylib"; name = libFluent.dylib; path = Libs/libFluent.dylib; sourceTree = "<group>"; };
		6B1D82841CD3D03D0038A5A1 /* libHMAC.dylib */ = {isa = PBXFileReference; lastKnownFileType = "compiled.mach-o.dylib"; name = libHMAC.dylib; path = Libs/libHMAC.dylib; sourceTree = "<group>"; };
		6B1D82851CD3D03D0038A5A1 /* libHummingbird.dylib */ = {isa = PBXFileReference; lastKnownFileType = "compiled.mach-o.dylib"; name = libHummingbird.dylib; path = Libs/libHummingbird.dylib; sourceTree = "<group>"; };
		6B1D82861CD3D03D0038A5A1 /* libInterchangeData.dylib */ = {isa = PBXFileReference; lastKnownFileType = "compiled.mach-o.dylib"; name = libInterchangeData.dylib; path = Libs/libInterchangeData.dylib; sourceTree = "<group>"; };
		6B1D82871CD3D03D0038A5A1 /* libJSON.dylib */ = {isa = PBXFileReference; lastKnownFileType = "compiled.mach-o.dylib"; name = libJSON.dylib; path = Libs/libJSON.dylib; sourceTree = "<group>"; };
		6B1D82881CD3D03D0038A5A1 /* libMustache.dylib */ = {isa = PBXFileReference; lastKnownFileType = "compiled.mach-o.dylib"; name = libMustache.dylib; path = Libs/libMustache.dylib; sourceTree = "<group>"; };
		6B1D82891CD3D03D0038A5A1 /* libOperatingSystem.dylib */ = {isa = PBXFileReference; lastKnownFileType = "compiled.mach-o.dylib"; name = libOperatingSystem.dylib; path = Libs/libOperatingSystem.dylib; sourceTree = "<group>"; };
		6B1D828A1CD3D03D0038A5A1 /* libS4.dylib */ = {isa = PBXFileReference; lastKnownFileType = "compiled.mach-o.dylib"; name = libS4.dylib; path = Libs/libS4.dylib; sourceTree = "<group>"; };
		6B1D828B1CD3D03D0038A5A1 /* libSHA2.dylib */ = {isa = PBXFileReference; lastKnownFileType = "compiled.mach-o.dylib"; name = libSHA2.dylib; path = Libs/libSHA2.dylib; sourceTree = "<group>"; };
		6B1D828C1CD3D03D0038A5A1 /* libStrand.dylib */ = {isa = PBXFileReference; lastKnownFileType = "compiled.mach-o.dylib"; name = libStrand.dylib; path = Libs/libStrand.dylib; sourceTree = "<group>"; };
		6B1D828D1CD3D03D0038A5A1 /* libString.dylib */ = {isa = PBXFileReference; lastKnownFileType = "compiled.mach-o.dylib"; name = libString.dylib; path = Libs/libString.dylib; sourceTree = "<group>"; };
		6B1D828E1CD3D03D0038A5A1 /* libVapor.dylib */ = {isa = PBXFileReference; lastKnownFileType = "compiled.mach-o.dylib"; name = libVapor.dylib; path = Libs/libVapor.dylib; sourceTree = "<group>"; };
		6B1D828F1CD3D03D0038A5A1 /* libVaporZewoMustache.dylib */ = {isa = PBXFileReference; lastKnownFileType = "compiled.mach-o.dylib"; name = libVaporZewoMustache.dylib; path = Libs/libVaporZewoMustache.dylib; sourceTree = "<group>"; };
		762F579A1CD36BB300372DAC /* main.swift */ = {isa = PBXFileReference; fileEncoding = 4; lastKnownFileType = sourcecode.swift; path = main.swift; sourceTree = "<group>"; };
		__PBXFileRef_Package.swift /* Package.swift */ = {isa = PBXFileReference; lastKnownFileType = sourcecode.swift; path = Package.swift; sourceTree = "<group>"; };
		"__PBXFileRef_Packages/C7-0.2.0/Tests/C7/ExampleTests.swift" /* ExampleTests.swift */ = {isa = PBXFileReference; lastKnownFileType = sourcecode.swift; path = ExampleTests.swift; sourceTree = "<group>"; };
		"__PBXFileRef_Packages/Hummingbird-2.0.0/Tests/Hummingbird/SocketTests.swift" /* SocketTests.swift */ = {isa = PBXFileReference; lastKnownFileType = sourcecode.swift; path = SocketTests.swift; sourceTree = "<group>"; };
		"__PBXFileRef_Packages/S4-0.2.1/Tests/S4/BodyTests.swift" /* BodyTests.swift */ = {isa = PBXFileReference; lastKnownFileType = sourcecode.swift; path = BodyTests.swift; sourceTree = "<group>"; };
		"__PBXFileRef_Packages/S4-0.2.1/Tests/S4/ExampleTests.swift" /* ExampleTests.swift */ = {isa = PBXFileReference; lastKnownFileType = sourcecode.swift; path = ExampleTests.swift; sourceTree = "<group>"; };
		"__PBXFileRef_Packages/Vapor-0.5.3/Tests/Vapor/ConfigTests.swift" /* ConfigTests.swift */ = {isa = PBXFileReference; lastKnownFileType = sourcecode.swift; path = ConfigTests.swift; sourceTree = "<group>"; };
		"__PBXFileRef_Packages/Vapor-0.5.3/Tests/Vapor/ControllerTests.swift" /* ControllerTests.swift */ = {isa = PBXFileReference; lastKnownFileType = sourcecode.swift; path = ControllerTests.swift; sourceTree = "<group>"; };
		"__PBXFileRef_Packages/Vapor-0.5.3/Tests/Vapor/EnvironmentTests.swift" /* EnvironmentTests.swift */ = {isa = PBXFileReference; lastKnownFileType = sourcecode.swift; path = EnvironmentTests.swift; sourceTree = "<group>"; };
		"__PBXFileRef_Packages/Vapor-0.5.3/Tests/Vapor/HTTPStreamTests.swift" /* HTTPStreamTests.swift */ = {isa = PBXFileReference; lastKnownFileType = sourcecode.swift; path = HTTPStreamTests.swift; sourceTree = "<group>"; };
		"__PBXFileRef_Packages/Vapor-0.5.3/Tests/Vapor/HashTests.swift" /* HashTests.swift */ = {isa = PBXFileReference; lastKnownFileType = sourcecode.swift; path = HashTests.swift; sourceTree = "<group>"; };
		"__PBXFileRef_Packages/Vapor-0.5.3/Tests/Vapor/LogTests.swift" /* LogTests.swift */ = {isa = PBXFileReference; lastKnownFileType = sourcecode.swift; path = LogTests.swift; sourceTree = "<group>"; };
		"__PBXFileRef_Packages/Vapor-0.5.3/Tests/Vapor/MemorySessionDriverTests.swift" /* MemorySessionDriverTests.swift */ = {isa = PBXFileReference; lastKnownFileType = sourcecode.swift; path = MemorySessionDriverTests.swift; sourceTree = "<group>"; };
		"__PBXFileRef_Packages/Vapor-0.5.3/Tests/Vapor/PerformanceTests.swift" /* PerformanceTests.swift */ = {isa = PBXFileReference; lastKnownFileType = sourcecode.swift; path = PerformanceTests.swift; sourceTree = "<group>"; };
		"__PBXFileRef_Packages/Vapor-0.5.3/Tests/Vapor/ProcessTests.swift" /* ProcessTests.swift */ = {isa = PBXFileReference; lastKnownFileType = sourcecode.swift; path = ProcessTests.swift; sourceTree = "<group>"; };
		"__PBXFileRef_Packages/Vapor-0.5.3/Tests/Vapor/QueryParameterTests.swift" /* QueryParameterTests.swift */ = {isa = PBXFileReference; lastKnownFileType = sourcecode.swift; path = QueryParameterTests.swift; sourceTree = "<group>"; };
		"__PBXFileRef_Packages/Vapor-0.5.3/Tests/Vapor/ResponseTests.swift" /* ResponseTests.swift */ = {isa = PBXFileReference; lastKnownFileType = sourcecode.swift; path = ResponseTests.swift; sourceTree = "<group>"; };
		"__PBXFileRef_Packages/Vapor-0.5.3/Tests/Vapor/RouteTests.swift" /* RouteTests.swift */ = {isa = PBXFileReference; lastKnownFileType = sourcecode.swift; path = RouteTests.swift; sourceTree = "<group>"; };
		"__PBXFileRef_Packages/Vapor-0.5.3/Tests/Vapor/RouterTests.swift" /* RouterTests.swift */ = {isa = PBXFileReference; lastKnownFileType = sourcecode.swift; path = RouterTests.swift; sourceTree = "<group>"; };
		"__PBXFileRef_Packages/Vapor-0.5.3/Tests/Vapor/SessionTests.swift" /* SessionTests.swift */ = {isa = PBXFileReference; lastKnownFileType = sourcecode.swift; path = SessionTests.swift; sourceTree = "<group>"; };
		"__PBXFileRef_Packages/Vapor-0.5.3/Tests/Vapor/TestHTTPStream.swift" /* TestHTTPStream.swift */ = {isa = PBXFileReference; lastKnownFileType = sourcecode.swift; path = TestHTTPStream.swift; sourceTree = "<group>"; };
		"__PBXFileRef_Packages/Vapor-0.5.3/Tests/Vapor/TypedRouteTests.swift" /* TypedRouteTests.swift */ = {isa = PBXFileReference; lastKnownFileType = sourcecode.swift; path = TypedRouteTests.swift; sourceTree = "<group>"; };
		"_____Product_App" /* App */ = {isa = PBXFileReference; explicitFileType = "compiled.mach-o.executable"; path = App; sourceTree = BUILT_PRODUCTS_DIR; };
/* End PBXFileReference section */

/* Begin PBXFrameworksBuildPhase section */
		"___LinkPhase_App" /* Frameworks */ = {
			isa = PBXFrameworksBuildPhase;
			buildActionMask = 0;
			files = (
				6B1D829B1CD3D03D0038A5A1 /* libSHA2.dylib in Frameworks */,
				6B1D82981CD3D03D0038A5A1 /* libMustache.dylib in Frameworks */,
				6B1D82971CD3D03D0038A5A1 /* libJSON.dylib in Frameworks */,
				6B1D82921CD3D03D0038A5A1 /* libData.dylib in Frameworks */,
				6B1D82951CD3D03D0038A5A1 /* libHummingbird.dylib in Frameworks */,
				6B1D82911CD3D03D0038A5A1 /* libCryptoEssentials.dylib in Frameworks */,
				6B1D82991CD3D03D0038A5A1 /* libOperatingSystem.dylib in Frameworks */,
				6B1D829E1CD3D03D0038A5A1 /* libVapor.dylib in Frameworks */,
				6B1D829A1CD3D03D0038A5A1 /* libS4.dylib in Frameworks */,
				6B1D82941CD3D03D0038A5A1 /* libHMAC.dylib in Frameworks */,
				6B1D829F1CD3D03D0038A5A1 /* libVaporZewoMustache.dylib in Frameworks */,
				6B1D82931CD3D03D0038A5A1 /* libFluent.dylib in Frameworks */,
				6B1D82961CD3D03D0038A5A1 /* libInterchangeData.dylib in Frameworks */,
				6B1D829D1CD3D03D0038A5A1 /* libString.dylib in Frameworks */,
				6B1D829C1CD3D03D0038A5A1 /* libStrand.dylib in Frameworks */,
				6B1D82901CD3D03D0038A5A1 /* libC7.dylib in Frameworks */,
			);
			runOnlyForDeploymentPostprocessing = 0;
		};
/* End PBXFrameworksBuildPhase section */

/* Begin PBXGroup section */
		6B1D825F1CD3CF970038A5A1 /* libs */ = {
			isa = PBXGroup;
			children = (
				6B1D82801CD3D03D0038A5A1 /* libC7.dylib */,
				6B1D82811CD3D03D0038A5A1 /* libCryptoEssentials.dylib */,
				6B1D82821CD3D03D0038A5A1 /* libData.dylib */,
				6B1D82831CD3D03D0038A5A1 /* libFluent.dylib */,
				6B1D82841CD3D03D0038A5A1 /* libHMAC.dylib */,
				6B1D82851CD3D03D0038A5A1 /* libHummingbird.dylib */,
				6B1D82861CD3D03D0038A5A1 /* libInterchangeData.dylib */,
				6B1D82871CD3D03D0038A5A1 /* libJSON.dylib */,
				6B1D82881CD3D03D0038A5A1 /* libMustache.dylib */,
				6B1D82891CD3D03D0038A5A1 /* libOperatingSystem.dylib */,
				6B1D828A1CD3D03D0038A5A1 /* libS4.dylib */,
				6B1D828B1CD3D03D0038A5A1 /* libSHA2.dylib */,
				6B1D828C1CD3D03D0038A5A1 /* libStrand.dylib */,
				6B1D828D1CD3D03D0038A5A1 /* libString.dylib */,
				6B1D828E1CD3D03D0038A5A1 /* libVapor.dylib */,
				6B1D828F1CD3D03D0038A5A1 /* libVaporZewoMustache.dylib */,
			);
			name = libs;
			sourceTree = "<group>";
		};
		762F57971CD36BB300372DAC /* App */ = {
			isa = PBXGroup;
			children = (
				762F579A1CD36BB300372DAC /* main.swift */,
			);
			path = App;
			sourceTree = "<group>";
		};
		TestProducts_ /* Tests */ = {
			isa = PBXGroup;
			children = (
			);
			name = Tests;
			sourceTree = "<group>";
		};
		"___RootGroup_" = {
			isa = PBXGroup;
			children = (
				6B1D825F1CD3CF970038A5A1 /* libs */,
				762F57971CD36BB300372DAC /* App */,
				__PBXFileRef_Package.swift /* Package.swift */,
				"_______Tests_" /* Tests */,
				"____Products_" /* Products */,
			);
			sourceTree = "<group>";
		};
		"____Products_" /* Products */ = {
			isa = PBXGroup;
			children = (
				TestProducts_ /* Tests */,
				"_____Product_App" /* App */,
			);
			name = Products;
			sourceTree = "<group>";
		};
		"_______Group_C7TestSuite" /* C7.testsuite */ = {
			isa = PBXGroup;
			children = (
				"__PBXFileRef_Packages/C7-0.2.0/Tests/C7/ExampleTests.swift" /* ExampleTests.swift */,
			);
			name = C7.testsuite;
			path = "Packages/C7-0.2.0/Tests/C7";
			sourceTree = "<group>";
		};
		"_______Group_HummingbirdTestSuite" /* Hummingbird.testsuite */ = {
			isa = PBXGroup;
			children = (
				"__PBXFileRef_Packages/Hummingbird-2.0.0/Tests/Hummingbird/SocketTests.swift" /* SocketTests.swift */,
			);
			name = Hummingbird.testsuite;
			path = "Packages/Hummingbird-2.0.0/Tests/Hummingbird";
			sourceTree = "<group>";
		};
		"_______Group_S4TestSuite" /* S4.testsuite */ = {
			isa = PBXGroup;
			children = (
				"__PBXFileRef_Packages/S4-0.2.1/Tests/S4/BodyTests.swift" /* BodyTests.swift */,
				"__PBXFileRef_Packages/S4-0.2.1/Tests/S4/ExampleTests.swift" /* ExampleTests.swift */,
			);
			name = S4.testsuite;
			path = "Packages/S4-0.2.1/Tests/S4";
			sourceTree = "<group>";
		};
		"_______Group_VaporTestSuite" /* Vapor.testsuite */ = {
			isa = PBXGroup;
			children = (
				"__PBXFileRef_Packages/Vapor-0.5.3/Tests/Vapor/ConfigTests.swift" /* ConfigTests.swift */,
				"__PBXFileRef_Packages/Vapor-0.5.3/Tests/Vapor/ControllerTests.swift" /* ControllerTests.swift */,
				"__PBXFileRef_Packages/Vapor-0.5.3/Tests/Vapor/EnvironmentTests.swift" /* EnvironmentTests.swift */,
				"__PBXFileRef_Packages/Vapor-0.5.3/Tests/Vapor/HashTests.swift" /* HashTests.swift */,
				"__PBXFileRef_Packages/Vapor-0.5.3/Tests/Vapor/HTTPStreamTests.swift" /* HTTPStreamTests.swift */,
				"__PBXFileRef_Packages/Vapor-0.5.3/Tests/Vapor/LogTests.swift" /* LogTests.swift */,
				"__PBXFileRef_Packages/Vapor-0.5.3/Tests/Vapor/MemorySessionDriverTests.swift" /* MemorySessionDriverTests.swift */,
				"__PBXFileRef_Packages/Vapor-0.5.3/Tests/Vapor/PerformanceTests.swift" /* PerformanceTests.swift */,
				"__PBXFileRef_Packages/Vapor-0.5.3/Tests/Vapor/ProcessTests.swift" /* ProcessTests.swift */,
				"__PBXFileRef_Packages/Vapor-0.5.3/Tests/Vapor/QueryParameterTests.swift" /* QueryParameterTests.swift */,
				"__PBXFileRef_Packages/Vapor-0.5.3/Tests/Vapor/ResponseTests.swift" /* ResponseTests.swift */,
				"__PBXFileRef_Packages/Vapor-0.5.3/Tests/Vapor/RouterTests.swift" /* RouterTests.swift */,
				"__PBXFileRef_Packages/Vapor-0.5.3/Tests/Vapor/RouteTests.swift" /* RouteTests.swift */,
				"__PBXFileRef_Packages/Vapor-0.5.3/Tests/Vapor/SessionTests.swift" /* SessionTests.swift */,
				"__PBXFileRef_Packages/Vapor-0.5.3/Tests/Vapor/TestHTTPStream.swift" /* TestHTTPStream.swift */,
				"__PBXFileRef_Packages/Vapor-0.5.3/Tests/Vapor/TypedRouteTests.swift" /* TypedRouteTests.swift */,
			);
			name = Vapor.testsuite;
			path = "Packages/Vapor-0.5.3/Tests/Vapor";
			sourceTree = "<group>";
		};
		"_______Tests_" /* Tests */ = {
			isa = PBXGroup;
			children = (
				"_______Group_C7TestSuite" /* C7.testsuite */,
				"_______Group_S4TestSuite" /* S4.testsuite */,
				"_______Group_HummingbirdTestSuite" /* Hummingbird.testsuite */,
				"_______Group_VaporTestSuite" /* Vapor.testsuite */,
			);
			name = Tests;
			sourceTree = "<group>";
		};
/* End PBXGroup section */

/* Begin PBXNativeTarget section */
		"______Target_App" /* App */ = {
			isa = PBXNativeTarget;
			buildConfigurationList = "_______Confs_App" /* Build configuration list for PBXNativeTarget "App" */;
			buildPhases = (
				CompilePhase_App /* Sources */,
				"___LinkPhase_App" /* Frameworks */,
			);
			buildRules = (
			);
			dependencies = (
			);
			name = App;
			productName = App;
			productReference = "_____Product_App" /* App */;
			productType = "com.apple.product-type.tool";
		};
/* End PBXNativeTarget section */

/* Begin PBXProject section */
		__RootObject_ /* Project object */ = {
			isa = PBXProject;
			attributes = {
				LastUpgradeCheck = 9999;
			};
			buildConfigurationList = "___RootConfs_" /* Build configuration list for PBXProject "Kick-OFF" */;
			compatibilityVersion = "Xcode 3.2";
			developmentRegion = English;
			hasScannedForEncodings = 0;
			knownRegions = (
				en,
			);
			mainGroup = "___RootGroup_";
			productRefGroup = "____Products_" /* Products */;
			projectDirPath = "";
			projectRoot = "";
			targets = (
				"______Target_App" /* App */,
			);
		};
/* End PBXProject section */

/* Begin PBXSourcesBuildPhase section */
		CompilePhase_App /* Sources */ = {
			isa = PBXSourcesBuildPhase;
			buildActionMask = 0;
			files = (
			);
			runOnlyForDeploymentPostprocessing = 0;
		};
/* End PBXSourcesBuildPhase section */

/* Begin XCBuildConfiguration section */
		_ReleaseConf_App /* Release */ = {
			isa = XCBuildConfiguration;
			buildSettings = {
				COMBINE_HIDPI_IMAGES = YES;
				LD_RUNPATH_SEARCH_PATHS = "$(TOOLCHAIN_DIR)/usr/lib/swift/macosx";
				LIBRARY_SEARCH_PATHS = (
					"$(inherited)",
					"$(PROJECT_DIR)/.build/debug",
					"$(PROJECT_DIR)/Libs",
				);
				MACOSX_DEPLOYMENT_TARGET = 10.10;
				OTHER_SWIFT_FLAGS = "-DXcode";
				PRODUCT_MODULE_NAME = App;
				PRODUCT_NAME = "$(TARGET_NAME)";
				SWIFT_FORCE_DYNAMIC_LINK_STDLIB = YES;
				SWIFT_FORCE_STATIC_LINK_STDLIB = NO;
				SWIFT_INCLUDE_PATHS = "${SRCROOT}/Packages/CSQLite-0.1.0";
			};
			name = Release;
		};
		"___DebugConf_App" /* Debug */ = {
			isa = XCBuildConfiguration;
			buildSettings = {
				COMBINE_HIDPI_IMAGES = YES;
				LD_RUNPATH_SEARCH_PATHS = "$(TOOLCHAIN_DIR)/usr/lib/swift/macosx";
				LIBRARY_SEARCH_PATHS = (
					"$(inherited)",
					"$(PROJECT_DIR)/.build/debug",
					"$(PROJECT_DIR)/Libs",
				);
				MACOSX_DEPLOYMENT_TARGET = 10.10;
				OTHER_SWIFT_FLAGS = "-DXcode";
				PRODUCT_MODULE_NAME = App;
				PRODUCT_NAME = "$(TARGET_NAME)";
				SWIFT_FORCE_DYNAMIC_LINK_STDLIB = YES;
				SWIFT_FORCE_STATIC_LINK_STDLIB = NO;
				SWIFT_INCLUDE_PATHS = "${SRCROOT}/Packages/CSQLite-0.1.0";
				SWIFT_OPTIMIZATION_LEVEL = "-Onone";
			};
			name = Debug;
		};
		"_____Release_" /* Release */ = {
			isa = XCBuildConfiguration;
			buildSettings = {
			};
			name = Release;
		};
		"_______Debug_" /* Debug */ = {
			isa = XCBuildConfiguration;
			buildSettings = {
			};
			name = Debug;
		};
/* End XCBuildConfiguration section */

/* Begin XCConfigurationList section */
		"___RootConfs_" /* Build configuration list for PBXProject "Kick-OFF" */ = {
			isa = XCConfigurationList;
			buildConfigurations = (
				"_______Debug_" /* Debug */,
				"_____Release_" /* Release */,
			);
			defaultConfigurationIsVisible = 0;
			defaultConfigurationName = Debug;
		};
		"_______Confs_App" /* Build configuration list for PBXNativeTarget "App" */ = {
			isa = XCConfigurationList;
			buildConfigurations = (
				"___DebugConf_App" /* Debug */,
				_ReleaseConf_App /* Release */,
			);
			defaultConfigurationIsVisible = 0;
			defaultConfigurationName = Debug;
		};
/* End XCConfigurationList section */
	};
	rootObject = __RootObject_ /* Project object */;
}
